
Microsoft Visual Studio Solution File, Format Version 12.00
# Visual Studio Version 16
VisualStudioVersion = 16.0.31729.503
MinimumVisualStudioVersion = 10.0.40219.1
Project("{FAE04EC0-301F-11D3-BF4B-00C04F79EFBC}") = "Assmain", "Assmain\Assmain.csproj", "{F1DBD81F-930A-416D-BC60-617A7073FD76}"
EndProject
Global
	GlobalSection(SolutionConfigurationPlatforms) = preSolution
		Debug|Any CPU = Debug|Any CPU
		Release|Any CPU = Release|Any CPU
	EndGlobalSection
	GlobalSection(ProjectConfigurationPlatforms) = postSolution
		{F1DBD81F-930A-416D-BC60-617A7073FD76}.Debug|Any CPU.ActiveCfg = Debug|Any CPU
		{F1DBD81F-930A-416D-BC60-617A7073FD76}.Debug|Any CPU.Build.0 = Debug|Any CPU
		{F1DBD81F-930A-416D-BC60-617A7073FD76}.Release|Any CPU.ActiveCfg = Release|Any CPU
		{F1DBD81F-930A-416D-BC60-617A7073FD76}.Release|Any CPU.Build.0 = Release|Any CPU
	EndGlobalSection
	GlobalSection(SolutionProperties) = preSolution
		HideSolutionNode = FALSE
	EndGlobalSection
	GlobalSection(ExtensibilityGlobals) = postSolution
		SolutionGuid = {CD5A3379-365D-46D2-B87F-33EE5936D176}
	EndGlobalSection
EndGlobal
